
Microsoft Visual Studio Solution File, Format Version 12.00
# Visual Studio Version 17
VisualStudioVersion = 17.5.33516.290
MinimumVisualStudioVersion = 10.0.40219.1
Project("{9A19103F-16F7-4668-BE54-9A1E7A4F7556}") = "assignment1", "assignment1\assignment1.csproj", "{C32C5FFC-77EA-47B9-93CA-EE25275D480D}"
EndProject
Project("{FAE04EC0-301F-11D3-BF4B-00C04F79EFBC}") = "assignment2", "assignment2\assignment2.csproj", "{94B13619-9435-4314-8FAA-16CD6B4E9A34}"
EndProject
Global
	GlobalSection(SolutionConfigurationPlatforms) = preSolution
		Debug|Any CPU = Debug|Any CPU
		Release|Any CPU = Release|Any CPU
	EndGlobalSection
	GlobalSection(ProjectConfigurationPlatforms) = postSolution
		{C32C5FFC-77EA-47B9-93CA-EE25275D480D}.Debug|Any CPU.ActiveCfg = Debug|Any CPU
		{C32C5FFC-77EA-47B9-93CA-EE25275D480D}.Debug|Any CPU.Build.0 = Debug|Any CPU
		{C32C5FFC-77EA-47B9-93CA-EE25275D480D}.Release|Any CPU.ActiveCfg = Release|Any CPU
		{C32C5FFC-77EA-47B9-93CA-EE25275D480D}.Release|Any CPU.Build.0 = Release|Any CPU
		{94B13619-9435-4314-8FAA-16CD6B4E9A34}.Debug|Any CPU.ActiveCfg = Debug|Any CPU
		{94B13619-9435-4314-8FAA-16CD6B4E9A34}.Debug|Any CPU.Build.0 = Debug|Any CPU
		{94B13619-9435-4314-8FAA-16CD6B4E9A34}.Release|Any CPU.ActiveCfg = Release|Any CPU
		{94B13619-9435-4314-8FAA-16CD6B4E9A34}.Release|Any CPU.Build.0 = Release|Any CPU
	EndGlobalSection
	GlobalSection(SolutionProperties) = preSolution
		HideSolutionNode = FALSE
	EndGlobalSection
	GlobalSection(ExtensibilityGlobals) = postSolution
		SolutionGuid = {A8EE9C1C-7CA6-48BE-8846-F94D3DE49DDF}
	EndGlobalSection
EndGlobal
